// !$*UTF8*$!
{
	archiveVersion = 1;
	classes = {
	};
	objectVersion = 55;
	objects = {

/* Begin PBXBuildFile section */
		E46F451B2785231F00538DBB /* Weather_CMApp.swift in Sources */ = {isa = PBXBuildFile; fileRef = E46F451A2785231F00538DBB /* Weather_CMApp.swift */; };
		E46F451D2785231F00538DBB /* ContentView.swift in Sources */ = {isa = PBXBuildFile; fileRef = E46F451C2785231F00538DBB /* ContentView.swift */; };
		E46F451F2785232000538DBB /* Assets.xcassets in Resources */ = {isa = PBXBuildFile; fileRef = E46F451E2785232000538DBB /* Assets.xcassets */; };
		E46F45222785232000538DBB /* Preview Assets.xcassets in Resources */ = {isa = PBXBuildFile; fileRef = E46F45212785232000538DBB /* Preview Assets.xcassets */; };
		E46F452C2785232000538DBB /* Weather_CMTests.swift in Sources */ = {isa = PBXBuildFile; fileRef = E46F452B2785232000538DBB /* Weather_CMTests.swift */; };
		E46F45362785232000538DBB /* Weather_CMUITests.swift in Sources */ = {isa = PBXBuildFile; fileRef = E46F45352785232000538DBB /* Weather_CMUITests.swift */; };
		E46F45382785232000538DBB /* Weather_CMUITestsLaunchTests.swift in Sources */ = {isa = PBXBuildFile; fileRef = E46F45372785232000538DBB /* Weather_CMUITestsLaunchTests.swift */; };
/* End PBXBuildFile section */

/* Begin PBXContainerItemProxy section */
		E46F45282785232000538DBB /* PBXContainerItemProxy */ = {
			isa = PBXContainerItemProxy;
			containerPortal = E46F450F2785231F00538DBB /* Project object */;
			proxyType = 1;
			remoteGlobalIDString = E46F45162785231F00538DBB;
			remoteInfo = Weather_CM;
		};
		E46F45322785232000538DBB /* PBXContainerItemProxy */ = {
			isa = PBXContainerItemProxy;
			containerPortal = E46F450F2785231F00538DBB /* Project object */;
			proxyType = 1;
			remoteGlobalIDString = E46F45162785231F00538DBB;
			remoteInfo = Weather_CM;
		};
/* End PBXContainerItemProxy section */

/* Begin PBXFileReference section */
		E46F45172785231F00538DBB /* Weather_CM.app */ = {isa = PBXFileReference; explicitFileType = wrapper.application; includeInIndex = 0; path = Weather_CM.app; sourceTree = BUILT_PRODUCTS_DIR; };
		E46F451A2785231F00538DBB /* Weather_CMApp.swift */ = {isa = PBXFileReference; lastKnownFileType = sourcecode.swift; path = Weather_CMApp.swift; sourceTree = "<group>"; };
		E46F451C2785231F00538DBB /* ContentView.swift */ = {isa = PBXFileReference; lastKnownFileType = sourcecode.swift; path = ContentView.swift; sourceTree = "<group>"; };
		E46F451E2785232000538DBB /* Assets.xcassets */ = {isa = PBXFileReference; lastKnownFileType = folder.assetcatalog; path = Assets.xcassets; sourceTree = "<group>"; };
		E46F45212785232000538DBB /* Preview Assets.xcassets */ = {isa = PBXFileReference; lastKnownFileType = folder.assetcatalog; path = "Preview Assets.xcassets"; sourceTree = "<group>"; };
		E46F45272785232000538DBB /* Weather_CMTests.xctest */ = {isa = PBXFileReference; explicitFileType = wrapper.cfbundle; includeInIndex = 0; path = Weather_CMTests.xctest; sourceTree = BUILT_PRODUCTS_DIR; };
		E46F452B2785232000538DBB /* Weather_CMTests.swift */ = {isa = PBXFileReference; lastKnownFileType = sourcecode.swift; path = Weather_CMTests.swift; sourceTree = "<group>"; };
		E46F45312785232000538DBB /* Weather_CMUITests.xctest */ = {isa = PBXFileReference; explicitFileType = wrapper.cfbundle; includeInIndex = 0; path = Weather_CMUITests.xctest; sourceTree = BUILT_PRODUCTS_DIR; };
		E46F45352785232000538DBB /* Weather_CMUITests.swift */ = {isa = PBXFileReference; lastKnownFileType = sourcecode.swift; path = Weather_CMUITests.swift; sourceTree = "<group>"; };
		E46F45372785232000538DBB /* Weather_CMUITestsLaunchTests.swift */ = {isa = PBXFileReference; lastKnownFileType = sourcecode.swift; path = Weather_CMUITestsLaunchTests.swift; sourceTree = "<group>"; };
/* End PBXFileReference section */

/* Begin PBXFrameworksBuildPhase section */
		E46F45142785231F00538DBB /* Frameworks */ = {
			isa = PBXFrameworksBuildPhase;
			buildActionMask = 2147483647;
			files = (
			);
			runOnlyForDeploymentPostprocessing = 0;
		};
		E46F45242785232000538DBB /* Frameworks */ = {
			isa = PBXFrameworksBuildPhase;
			buildActionMask = 2147483647;
			files = (
			);
			runOnlyForDeploymentPostprocessing = 0;
		};
		E46F452E2785232000538DBB /* Frameworks */ = {
			isa = PBXFrameworksBuildPhase;
			buildActionMask = 2147483647;
			files = (
			);
			runOnlyForDeploymentPostprocessing = 0;
		};
/* End PBXFrameworksBuildPhase section */

/* Begin PBXGroup section */
		E46F450E2785231F00538DBB = {
			isa = PBXGroup;
			children = (
				E46F45192785231F00538DBB /* Weather_CM */,
				E46F452A2785232000538DBB /* Weather_CMTests */,
				E46F45342785232000538DBB /* Weather_CMUITests */,
				E46F45182785231F00538DBB /* Products */,
			);
			sourceTree = "<group>";
		};
		E46F45182785231F00538DBB /* Products */ = {
			isa = PBXGroup;
			children = (
				E46F45172785231F00538DBB /* Weather_CM.app */,
				E46F45272785232000538DBB /* Weather_CMTests.xctest */,
				E46F45312785232000538DBB /* Weather_CMUITests.xctest */,
			);
			name = Products;
			sourceTree = "<group>";
		};
		E46F45192785231F00538DBB /* Weather_CM */ = {
			isa = PBXGroup;
			children = (
				E46F451A2785231F00538DBB /* Weather_CMApp.swift */,
				E46F451C2785231F00538DBB /* ContentView.swift */,
				E46F451E2785232000538DBB /* Assets.xcassets */,
				E46F45202785232000538DBB /* Preview Content */,
			);
			path = Weather_CM;
			sourceTree = "<group>";
		};
		E46F45202785232000538DBB /* Preview Content */ = {
			isa = PBXGroup;
			children = (
				E46F45212785232000538DBB /* Preview Assets.xcassets */,
			);
			path = "Preview Content";
			sourceTree = "<group>";
		};
		E46F452A2785232000538DBB /* Weather_CMTests */ = {
			isa = PBXGroup;
			children = (
				E46F452B2785232000538DBB /* Weather_CMTests.swift */,
			);
			path = Weather_CMTests;
			sourceTree = "<group>";
		};
		E46F45342785232000538DBB /* Weather_CMUITests */ = {
			isa = PBXGroup;
			children = (
				E46F45352785232000538DBB /* Weather_CMUITests.swift */,
				E46F45372785232000538DBB /* Weather_CMUITestsLaunchTests.swift */,
			);
			path = Weather_CMUITests;
			sourceTree = "<group>";
		};
/* End PBXGroup section */

/* Begin PBXNativeTarget section */
		E46F45162785231F00538DBB /* Weather_CM */ = {
			isa = PBXNativeTarget;
			buildConfigurationList = E46F453B2785232000538DBB /* Build configuration list for PBXNativeTarget "Weather_CM" */;
			buildPhases = (
				E46F45132785231F00538DBB /* Sources */,
				E46F45142785231F00538DBB /* Frameworks */,
				E46F45152785231F00538DBB /* Resources */,
			);
			buildRules = (
			);
			dependencies = (
			);
			name = Weather_CM;
			productName = Weather_CM;
			productReference = E46F45172785231F00538DBB /* Weather_CM.app */;
			productType = "com.apple.product-type.application";
		};
		E46F45262785232000538DBB /* Weather_CMTests */ = {
			isa = PBXNativeTarget;
			buildConfigurationList = E46F453E2785232000538DBB /* Build configuration list for PBXNativeTarget "Weather_CMTests" */;
			buildPhases = (
				E46F45232785232000538DBB /* Sources */,
				E46F45242785232000538DBB /* Frameworks */,
				E46F45252785232000538DBB /* Resources */,
			);
			buildRules = (
			);
			dependencies = (
				E46F45292785232000538DBB /* PBXTargetDependency */,
			);
			name = Weather_CMTests;
			productName = Weather_CMTests;
			productReference = E46F45272785232000538DBB /* Weather_CMTests.xctest */;
			productType = "com.apple.product-type.bundle.unit-test";
		};
		E46F45302785232000538DBB /* Weather_CMUITests */ = {
			isa = PBXNativeTarget;
			buildConfigurationList = E46F45412785232000538DBB /* Build configuration list for PBXNativeTarget "Weather_CMUITests" */;
			buildPhases = (
				E46F452D2785232000538DBB /* Sources */,
				E46F452E2785232000538DBB /* Frameworks */,
				E46F452F2785232000538DBB /* Resources */,
			);
			buildRules = (
			);
			dependencies = (
				E46F45332785232000538DBB /* PBXTargetDependency */,
			);
			name = Weather_CMUITests;
			productName = Weather_CMUITests;
			productReference = E46F45312785232000538DBB /* Weather_CMUITests.xctest */;
			productType = "com.apple.product-type.bundle.ui-testing";
		};
/* End PBXNativeTarget section */

/* Begin PBXProject section */
		E46F450F2785231F00538DBB /* Project object */ = {
			isa = PBXProject;
			attributes = {
				BuildIndependentTargetsInParallel = 1;
				LastSwiftUpdateCheck = 1320;
				LastUpgradeCheck = 1320;
				TargetAttributes = {
					E46F45162785231F00538DBB = {
						CreatedOnToolsVersion = 13.2.1;
					};
					E46F45262785232000538DBB = {
						CreatedOnToolsVersion = 13.2.1;
						TestTargetID = E46F45162785231F00538DBB;
					};
					E46F45302785232000538DBB = {
						CreatedOnToolsVersion = 13.2.1;
						TestTargetID = E46F45162785231F00538DBB;
					};
				};
			};
			buildConfigurationList = E46F45122785231F00538DBB /* Build configuration list for PBXProject "Weather_CM" */;
			compatibilityVersion = "Xcode 13.0";
			developmentRegion = en;
			hasScannedForEncodings = 0;
			knownRegions = (
				en,
				Base,
			);
			mainGroup = E46F450E2785231F00538DBB;
			productRefGroup = E46F45182785231F00538DBB /* Products */;
			projectDirPath = "";
			projectRoot = "";
			targets = (
				E46F45162785231F00538DBB /* Weather_CM */,
				E46F45262785232000538DBB /* Weather_CMTests */,
				E46F45302785232000538DBB /* Weather_CMUITests */,
			);
		};
/* End PBXProject section */

/* Begin PBXResourcesBuildPhase section */
		E46F45152785231F00538DBB /* Resources */ = {
			isa = PBXResourcesBuildPhase;
			buildActionMask = 2147483647;
			files = (
				E46F45222785232000538DBB /* Preview Assets.xcassets in Resources */,
				E46F451F2785232000538DBB /* Assets.xcassets in Resources */,
			);
			runOnlyForDeploymentPostprocessing = 0;
		};
		E46F45252785232000538DBB /* Resources */ = {
			isa = PBXResourcesBuildPhase;
			buildActionMask = 2147483647;
			files = (
			);
			runOnlyForDeploymentPostprocessing = 0;
		};
		E46F452F2785232000538DBB /* Resources */ = {
			isa = PBXResourcesBuildPhase;
			buildActionMask = 2147483647;
			files = (
			);
			runOnlyForDeploymentPostprocessing = 0;
		};
/* End PBXResourcesBuildPhase section */

/* Begin PBXSourcesBuildPhase section */
		E46F45132785231F00538DBB /* Sources */ = {
			isa = PBXSourcesBuildPhase;
			buildActionMask = 2147483647;
			files = (
				E46F451D2785231F00538DBB /* ContentView.swift in Sources */,
				E46F451B2785231F00538DBB /* Weather_CMApp.swift in Sources */,
			);
			runOnlyForDeploymentPostprocessing = 0;
		};
		E46F45232785232000538DBB /* Sources */ = {
			isa = PBXSourcesBuildPhase;
			buildActionMask = 2147483647;
			files = (
				E46F452C2785232000538DBB /* Weather_CMTests.swift in Sources */,
			);
			runOnlyForDeploymentPostprocessing = 0;
		};
		E46F452D2785232000538DBB /* Sources */ = {
			isa = PBXSourcesBuildPhase;
			buildActionMask = 2147483647;
			files = (
				E46F45362785232000538DBB /* Weather_CMUITests.swift in Sources */,
				E46F45382785232000538DBB /* Weather_CMUITestsLaunchTests.swift in Sources */,
			);
			runOnlyForDeploymentPostprocessing = 0;
		};
/* End PBXSourcesBuildPhase section */

/* Begin PBXTargetDependency section */
		E46F45292785232000538DBB /* PBXTargetDependency */ = {
			isa = PBXTargetDependency;
			target = E46F45162785231F00538DBB /* Weather_CM */;
			targetProxy = E46F45282785232000538DBB /* PBXContainerItemProxy */;
		};
		E46F45332785232000538DBB /* PBXTargetDependency */ = {
			isa = PBXTargetDependency;
			target = E46F45162785231F00538DBB /* Weather_CM */;
			targetProxy = E46F45322785232000538DBB /* PBXContainerItemProxy */;
		};
/* End PBXTargetDependency section */

/* Begin XCBuildConfiguration section */
		E46F45392785232000538DBB /* Debug */ = {
			isa = XCBuildConfiguration;
			buildSettings = {
				ALWAYS_SEARCH_USER_PATHS = NO;
				CLANG_ANALYZER_NONNULL = YES;
				CLANG_ANALYZER_NUMBER_OBJECT_CONVERSION = YES_AGGRESSIVE;
				CLANG_CXX_LANGUAGE_STANDARD = "gnu++17";
				CLANG_CXX_LIBRARY = "libc++";
				CLANG_ENABLE_MODULES = YES;
				CLANG_ENABLE_OBJC_ARC = YES;
				CLANG_ENABLE_OBJC_WEAK = YES;
				CLANG_WARN_BLOCK_CAPTURE_AUTORELEASING = YES;
				CLANG_WARN_BOOL_CONVERSION = YES;
				CLANG_WARN_COMMA = YES;
				CLANG_WARN_CONSTANT_CONVERSION = YES;
				CLANG_WARN_DEPRECATED_OBJC_IMPLEMENTATIONS = YES;
				CLANG_WARN_DIRECT_OBJC_ISA_USAGE = YES_ERROR;
				CLANG_WARN_DOCUMENTATION_COMMENTS = YES;
				CLANG_WARN_EMPTY_BODY = YES;
				CLANG_WARN_ENUM_CONVERSION = YES;
				CLANG_WARN_INFINITE_RECURSION = YES;
				CLANG_WARN_INT_CONVERSION = YES;
				CLANG_WARN_NON_LITERAL_NULL_CONVERSION = YES;
				CLANG_WARN_OBJC_IMPLICIT_RETAIN_SELF = YES;
				CLANG_WARN_OBJC_LITERAL_CONVERSION = YES;
				CLANG_WARN_OBJC_ROOT_CLASS = YES_ERROR;
				CLANG_WARN_QUOTED_INCLUDE_IN_FRAMEWORK_HEADER = YES;
				CLANG_WARN_RANGE_LOOP_ANALYSIS = YES;
				CLANG_WARN_STRICT_PROTOTYPES = YES;
				CLANG_WARN_SUSPICIOUS_MOVE = YES;
				CLANG_WARN_UNGUARDED_AVAILABILITY = YES_AGGRESSIVE;
				CLANG_WARN_UNREACHABLE_CODE = YES;
				CLANG_WARN__DUPLICATE_METHOD_MATCH = YES;
				COPY_PHASE_STRIP = NO;
				DEBUG_INFORMATION_FORMAT = dwarf;
				ENABLE_STRICT_OBJC_MSGSEND = YES;
				ENABLE_TESTABILITY = YES;
				GCC_C_LANGUAGE_STANDARD = gnu11;
				GCC_DYNAMIC_NO_PIC = NO;
				GCC_NO_COMMON_BLOCKS = YES;
				GCC_OPTIMIZATION_LEVEL = 0;
				GCC_PREPROCESSOR_DEFINITIONS = (
					"DEBUG=1",
					"$(inherited)",
				);
				GCC_WARN_64_TO_32_BIT_CONVERSION = YES;
				GCC_WARN_ABOUT_RETURN_TYPE = YES_ERROR;
				GCC_WARN_UNDECLARED_SELECTOR = YES;
				GCC_WARN_UNINITIALIZED_AUTOS = YES_AGGRESSIVE;
				GCC_WARN_UNUSED_FUNCTION = YES;
				GCC_WARN_UNUSED_VARIABLE = YES;
				IPHONEOS_DEPLOYMENT_TARGET = 15.2;
				MTL_ENABLE_DEBUG_INFO = INCLUDE_SOURCE;
				MTL_FAST_MATH = YES;
				ONLY_ACTIVE_ARCH = YES;
				SDKROOT = iphoneos;
				SWIFT_ACTIVE_COMPILATION_CONDITIONS = DEBUG;
				SWIFT_OPTIMIZATION_LEVEL = "-Onone";
			};
			name = Debug;
		};
		E46F453A2785232000538DBB /* Release */ = {
			isa = XCBuildConfiguration;
			buildSettings = {
				ALWAYS_SEARCH_USER_PATHS = NO;
				CLANG_ANALYZER_NONNULL = YES;
				CLANG_ANALYZER_NUMBER_OBJECT_CONVERSION = YES_AGGRESSIVE;
				CLANG_CXX_LANGUAGE_STANDARD = "gnu++17";
				CLANG_CXX_LIBRARY = "libc++";
				CLANG_ENABLE_MODULES = YES;
				CLANG_ENABLE_OBJC_ARC = YES;
				CLANG_ENABLE_OBJC_WEAK = YES;
				CLANG_WARN_BLOCK_CAPTURE_AUTORELEASING = YES;
				CLANG_WARN_BOOL_CONVERSION = YES;
				CLANG_WARN_COMMA = YES;
				CLANG_WARN_CONSTANT_CONVERSION = YES;
				CLANG_WARN_DEPRECATED_OBJC_IMPLEMENTATIONS = YES;
				CLANG_WARN_DIRECT_OBJC_ISA_USAGE = YES_ERROR;
				CLANG_WARN_DOCUMENTATION_COMMENTS = YES;
				CLANG_WARN_EMPTY_BODY = YES;
				CLANG_WARN_ENUM_CONVERSION = YES;
				CLANG_WARN_INFINITE_RECURSION = YES;
				CLANG_WARN_INT_CONVERSION = YES;
				CLANG_WARN_NON_LITERAL_NULL_CONVERSION = YES;
				CLANG_WARN_OBJC_IMPLICIT_RETAIN_SELF = YES;
				CLANG_WARN_OBJC_LITERAL_CONVERSION = YES;
				CLANG_WARN_OBJC_ROOT_CLASS = YES_ERROR;
				CLANG_WARN_QUOTED_INCLUDE_IN_FRAMEWORK_HEADER = YES;
				CLANG_WARN_RANGE_LOOP_ANALYSIS = YES;
				CLANG_WARN_STRICT_PROTOTYPES = YES;
				CLANG_WARN_SUSPICIOUS_MOVE = YES;
				CLANG_WARN_UNGUARDED_AVAILABILITY = YES_AGGRESSIVE;
				CLANG_WARN_UNREACHABLE_CODE = YES;
				CLANG_WARN__DUPLICATE_METHOD_MATCH = YES;
				COPY_PHASE_STRIP = NO;
				DEBUG_INFORMATION_FORMAT = "dwarf-with-dsym";
				ENABLE_NS_ASSERTIONS = NO;
				ENABLE_STRICT_OBJC_MSGSEND = YES;
				GCC_C_LANGUAGE_STANDARD = gnu11;
				GCC_NO_COMMON_BLOCKS = YES;
				GCC_WARN_64_TO_32_BIT_CONVERSION = YES;
				GCC_WARN_ABOUT_RETURN_TYPE = YES_ERROR;
				GCC_WARN_UNDECLARED_SELECTOR = YES;
				GCC_WARN_UNINITIALIZED_AUTOS = YES_AGGRESSIVE;
				GCC_WARN_UNUSED_FUNCTION = YES;
				GCC_WARN_UNUSED_VARIABLE = YES;
				IPHONEOS_DEPLOYMENT_TARGET = 15.2;
				MTL_ENABLE_DEBUG_INFO = NO;
				MTL_FAST_MATH = YES;
				SDKROOT = iphoneos;
				SWIFT_COMPILATION_MODE = wholemodule;
				SWIFT_OPTIMIZATION_LEVEL = "-O";
				VALIDATE_PRODUCT = YES;
			};
			name = Release;
		};
		E46F453C2785232000538DBB /* Debug */ = {
			isa = XCBuildConfiguration;
			buildSettings = {
				ASSETCATALOG_COMPILER_APPICON_NAME = AppIcon;
				ASSETCATALOG_COMPILER_GLOBAL_ACCENT_COLOR_NAME = AccentColor;
				CODE_SIGN_STYLE = Automatic;
				CURRENT_PROJECT_VERSION = 1;
				DEVELOPMENT_ASSET_PATHS = "\"Weather_CM/Preview Content\"";
				DEVELOPMENT_TEAM = 6H8RBA4DXP;
				ENABLE_PREVIEWS = YES;
				GENERATE_INFOPLIST_FILE = YES;
				INFOPLIST_KEY_UIApplicationSceneManifest_Generation = YES;
				INFOPLIST_KEY_UIApplicationSupportsIndirectInputEvents = YES;
				INFOPLIST_KEY_UILaunchScreen_Generation = YES;
				INFOPLIST_KEY_UISupportedInterfaceOrientations_iPad = "UIInterfaceOrientationPortrait UIInterfaceOrientationPortraitUpsideDown UIInterfaceOrientationLandscapeLeft UIInterfaceOrientationLandscapeRight";
				INFOPLIST_KEY_UISupportedInterfaceOrientations_iPhone = "UIInterfaceOrientationPortrait UIInterfaceOrientationLandscapeLeft UIInterfaceOrientationLandscapeRight";
				LD_RUNPATH_SEARCH_PATHS = (
					"$(inherited)",
					"@executable_path/Frameworks",
				);
				MARKETING_VERSION = 1.0;
				PRODUCT_BUNDLE_IDENTIFIER = "jp.ac.jec.cm.masukawa.Weather-CM";
				PRODUCT_NAME = "$(TARGET_NAME)";
				SWIFT_EMIT_LOC_STRINGS = YES;
				SWIFT_VERSION = 5.0;
				TARGETED_DEVICE_FAMILY = "1,2";
			};
			name = Debug;
		};
		E46F453D2785232000538DBB /* Release */ = {
			isa = XCBuildConfiguration;
			buildSettings = {
				ASSETCATALOG_COMPILER_APPICON_NAME = AppIcon;
				ASSETCATALOG_COMPILER_GLOBAL_ACCENT_COLOR_NAME = AccentColor;
				CODE_SIGN_STYLE = Automatic;
				CURRENT_PROJECT_VERSION = 1;
				DEVELOPMENT_ASSET_PATHS = "\"Weather_CM/Preview Content\"";
				DEVELOPMENT_TEAM = 6H8RBA4DXP;
				ENABLE_PREVIEWS = YES;
				GENERATE_INFOPLIST_FILE = YES;
				INFOPLIST_KEY_UIApplicationSceneManifest_Generation = YES;
				INFOPLIST_KEY_UIApplicationSupportsIndirectInputEvents = YES;
				INFOPLIST_KEY_UILaunchScreen_Generation = YES;
				INFOPLIST_KEY_UISupportedInterfaceOrientations_iPad = "UIInterfaceOrientationPortrait UIInterfaceOrientationPortraitUpsideDown UIInterfaceOrientationLandscapeLeft UIInterfaceOrientationLandscapeRight";
				INFOPLIST_KEY_UISupportedInterfaceOrientations_iPhone = "UIInterfaceOrientationPortrait UIInterfaceOrientationLandscapeLeft UIInterfaceOrientationLandscapeRight";
				LD_RUNPATH_SEARCH_PATHS = (
					"$(inherited)",
					"@executable_path/Frameworks",
				);
				MARKETING_VERSION = 1.0;
				PRODUCT_BUNDLE_IDENTIFIER = "jp.ac.jec.cm.masukawa.Weather-CM";
				PRODUCT_NAME = "$(TARGET_NAME)";
				SWIFT_EMIT_LOC_STRINGS = YES;
				SWIFT_VERSION = 5.0;
				TARGETED_DEVICE_FAMILY = "1,2";
			};
			name = Release;
		};
		E46F453F2785232000538DBB /* Debug */ = {
			isa = XCBuildConfiguration;
			buildSettings = {
				ALWAYS_EMBED_SWIFT_STANDARD_LIBRARIES = YES;
				BUNDLE_LOADER = "$(TEST_HOST)";
				CODE_SIGN_STYLE = Automatic;
				CURRENT_PROJECT_VERSION = 1;
				DEVELOPMENT_TEAM = 6H8RBA4DXP;
				GENERATE_INFOPLIST_FILE = YES;
				IPHONEOS_DEPLOYMENT_TARGET = 15.2;
				MARKETING_VERSION = 1.0;
				PRODUCT_BUNDLE_IDENTIFIER = "jp.ac.jec.cm.masukawa.Weather-CMTests";
				PRODUCT_NAME = "$(TARGET_NAME)";
				SWIFT_EMIT_LOC_STRINGS = NO;
				SWIFT_VERSION = 5.0;
				TARGETED_DEVICE_FAMILY = "1,2";
				TEST_HOST = "$(BUILT_PRODUCTS_DIR)/Weather_CM.app/Weather_CM";
			};
			name = Debug;
		};
		E46F45402785232000538DBB /* Release */ = {
			isa = XCBuildConfiguration;
			buildSettings = {
				ALWAYS_EMBED_SWIFT_STANDARD_LIBRARIES = YES;
				BUNDLE_LOADER = "$(TEST_HOST)";
				CODE_SIGN_STYLE = Automatic;
				CURRENT_PROJECT_VERSION = 1;
				DEVELOPMENT_TEAM = 6H8RBA4DXP;
				GENERATE_INFOPLIST_FILE = YES;
				IPHONEOS_DEPLOYMENT_TARGET = 15.2;
				MARKETING_VERSION = 1.0;
				PRODUCT_BUNDLE_IDENTIFIER = "jp.ac.jec.cm.masukawa.Weather-CMTests";
				PRODUCT_NAME = "$(TARGET_NAME)";
				SWIFT_EMIT_LOC_STRINGS = NO;
				SWIFT_VERSION = 5.0;
				TARGETED_DEVICE_FAMILY = "1,2";
				TEST_HOST = "$(BUILT_PRODUCTS_DIR)/Weather_CM.app/Weather_CM";
			};
			name = Release;
		};
		E46F45422785232000538DBB /* Debug */ = {
			isa = XCBuildConfiguration;
			buildSettings = {
				ALWAYS_EMBED_SWIFT_STANDARD_LIBRARIES = YES;
				CODE_SIGN_STYLE = Automatic;
				CURRENT_PROJECT_VERSION = 1;
				DEVELOPMENT_TEAM = 6H8RBA4DXP;
				GENERATE_INFOPLIST_FILE = YES;
				MARKETING_VERSION = 1.0;
				PRODUCT_BUNDLE_IDENTIFIER = "jp.ac.jec.cm.masukawa.Weather-CMUITests";
				PRODUCT_NAME = "$(TARGET_NAME)";
				SWIFT_EMIT_LOC_STRINGS = NO;
				SWIFT_VERSION = 5.0;
				TARGETED_DEVICE_FAMILY = "1,2";
				TEST_TARGET_NAME = Weather_CM;
			};
			name = Debug;
		};
		E46F45432785232000538DBB /* Release */ = {
			isa = XCBuildConfiguration;
			buildSettings = {
				ALWAYS_EMBED_SWIFT_STANDARD_LIBRARIES = YES;
				CODE_SIGN_STYLE = Automatic;
				CURRENT_PROJECT_VERSION = 1;
				DEVELOPMENT_TEAM = 6H8RBA4DXP;
				GENERATE_INFOPLIST_FILE = YES;
				MARKETING_VERSION = 1.0;
				PRODUCT_BUNDLE_IDENTIFIER = "jp.ac.jec.cm.masukawa.Weather-CMUITests";
				PRODUCT_NAME = "$(TARGET_NAME)";
				SWIFT_EMIT_LOC_STRINGS = NO;
				SWIFT_VERSION = 5.0;
				TARGETED_DEVICE_FAMILY = "1,2";
				TEST_TARGET_NAME = Weather_CM;
			};
			name = Release;
		};
/* End XCBuildConfiguration section */

/* Begin XCConfigurationList section */
		E46F45122785231F00538DBB /* Build configuration list for PBXProject "Weather_CM" */ = {
			isa = XCConfigurationList;
			buildConfigurations = (
				E46F45392785232000538DBB /* Debug */,
				E46F453A2785232000538DBB /* Release */,
			);
			defaultConfigurationIsVisible = 0;
			defaultConfigurationName = Release;
		};
		E46F453B2785232000538DBB /* Build configuration list for PBXNativeTarget "Weather_CM" */ = {
			isa = XCConfigurationList;
			buildConfigurations = (
				E46F453C2785232000538DBB /* Debug */,
				E46F453D2785232000538DBB /* Release */,
			);
			defaultConfigurationIsVisible = 0;
			defaultConfigurationName = Release;
		};
		E46F453E2785232000538DBB /* Build configuration list for PBXNativeTarget "Weather_CMTests" */ = {
			isa = XCConfigurationList;
			buildConfigurations = (
				E46F453F2785232000538DBB /* Debug */,
				E46F45402785232000538DBB /* Release */,
			);
			defaultConfigurationIsVisible = 0;
			defaultConfigurationName = Release;
		};
		E46F45412785232000538DBB /* Build configuration list for PBXNativeTarget "Weather_CMUITests" */ = {
			isa = XCConfigurationList;
			buildConfigurations = (
				E46F45422785232000538DBB /* Debug */,
				E46F45432785232000538DBB /* Release */,
			);
			defaultConfigurationIsVisible = 0;
			defaultConfigurationName = Release;
		};
/* End XCConfigurationList section */
	};
	rootObject = E46F450F2785231F00538DBB /* Project object */;
}
